
Microsoft Visual Studio Solution File, Format Version 12.00
# Visual Studio Version 17
VisualStudioVersion = 17.4.33213.308
MinimumVisualStudioVersion = 10.0.40219.1
Project("{9A19103F-16F7-4668-BE54-9A1E7A4F7556}") = "Invoice-API", "Invoice-API\Invoice-API.csproj", "{4331A828-F6D1-4F33-BE5D-C71B38088B4E}"
EndProject
Global
	GlobalSection(SolutionConfigurationPlatforms) = preSolution
		Debug|Any CPU = Debug|Any CPU
		Release|Any CPU = Release|Any CPU
	EndGlobalSection
	GlobalSection(ProjectConfigurationPlatforms) = postSolution
		{4331A828-F6D1-4F33-BE5D-C71B38088B4E}.Debug|Any CPU.ActiveCfg = Debug|Any CPU
		{4331A828-F6D1-4F33-BE5D-C71B38088B4E}.Debug|Any CPU.Build.0 = Debug|Any CPU
		{4331A828-F6D1-4F33-BE5D-C71B38088B4E}.Release|Any CPU.ActiveCfg = Release|Any CPU
		{4331A828-F6D1-4F33-BE5D-C71B38088B4E}.Release|Any CPU.Build.0 = Release|Any CPU
	EndGlobalSection
	GlobalSection(SolutionProperties) = preSolution
		HideSolutionNode = FALSE
	EndGlobalSection
	GlobalSection(ExtensibilityGlobals) = postSolution
		SolutionGuid = {B2352793-B628-4DD2-89D4-FD51F1577A31}
	EndGlobalSection
EndGlobal
